// !$*UTF8*$!
{
	archiveVersion = 1;
	classes = {
	};
	objectVersion = 50;
	objects = {

/* Begin PBXBuildFile section */
		E0E432B324C9DBE2006E88EC /* main.cpp in Sources */ = {isa = PBXBuildFile; fileRef = E0E432AE24C9DBE1006E88EC /* main.cpp */; };
		E0E432B424C9DBE2006E88EC /* Display.cpp in Sources */ = {isa = PBXBuildFile; fileRef = E0E432B024C9DBE1006E88EC /* Display.cpp */; };
		E0E432B724CAB87B006E88EC /* libSDL2-2.0.0.dylib in Frameworks */ = {isa = PBXBuildFile; fileRef = E0E432B624CAB87B006E88EC /* libSDL2-2.0.0.dylib */; };
/* End PBXBuildFile section */

/* Begin PBXCopyFilesBuildPhase section */
		E0429FD124C9D850008438F0 /* CopyFiles */ = {
			isa = PBXCopyFilesBuildPhase;
			buildActionMask = 2147483647;
			dstPath = /usr/share/man/man1/;
			dstSubfolderSpec = 0;
			files = (
			);
			runOnlyForDeploymentPostprocessing = 1;
		};
/* End PBXCopyFilesBuildPhase section */

/* Begin PBXFileReference section */
		E0429FD324C9D850008438F0 /* Color-Chart-Application */ = {isa = PBXFileReference; explicitFileType = "compiled.mach-o.executable"; includeInIndex = 0; path = "Color-Chart-Application"; sourceTree = BUILT_PRODUCTS_DIR; };
		E0E432AE24C9DBE1006E88EC /* main.cpp */ = {isa = PBXFileReference; fileEncoding = 4; lastKnownFileType = sourcecode.cpp.cpp; name = main.cpp; path = Bilinear_Interpolation/main.cpp; sourceTree = SOURCE_ROOT; };
		E0E432AF24C9DBE1006E88EC /* Display.h */ = {isa = PBXFileReference; fileEncoding = 4; lastKnownFileType = sourcecode.c.h; name = Display.h; path = Bilinear_Interpolation/Display.h; sourceTree = SOURCE_ROOT; };
		E0E432B024C9DBE1006E88EC /* Display.cpp */ = {isa = PBXFileReference; fileEncoding = 4; lastKnownFileType = sourcecode.cpp.cpp; name = Display.cpp; path = Bilinear_Interpolation/Display.cpp; sourceTree = SOURCE_ROOT; };
		E0E432B124C9DBE1006E88EC /* lib.h */ = {isa = PBXFileReference; fileEncoding = 4; lastKnownFileType = sourcecode.c.h; name = lib.h; path = Bilinear_Interpolation/lib.h; sourceTree = SOURCE_ROOT; };
		E0E432B224C9DBE1006E88EC /* Matrix.h */ = {isa = PBXFileReference; fileEncoding = 4; lastKnownFileType = sourcecode.c.h; name = Matrix.h; path = Bilinear_Interpolation/Matrix.h; sourceTree = SOURCE_ROOT; };
		E0E432B624CAB87B006E88EC /* libSDL2-2.0.0.dylib */ = {isa = PBXFileReference; lastKnownFileType = "compiled.mach-o.dylib"; name = "libSDL2-2.0.0.dylib"; path = "../../../../usr/local/Cellar/sdl2/2.0.12_1/lib/libSDL2-2.0.0.dylib"; sourceTree = "<group>"; };
/* End PBXFileReference section */

/* Begin PBXFrameworksBuildPhase section */
		E0429FD024C9D850008438F0 /* Frameworks */ = {
			isa = PBXFrameworksBuildPhase;
			buildActionMask = 2147483647;
			files = (
				E0E432B724CAB87B006E88EC /* libSDL2-2.0.0.dylib in Frameworks */,
			);
			runOnlyForDeploymentPostprocessing = 0;
		};
/* End PBXFrameworksBuildPhase section */

/* Begin PBXGroup section */
		E0429FCA24C9D84F008438F0 = {
			isa = PBXGroup;
			children = (
				E0429FD524C9D850008438F0 /* Color-Chart-Application */,
				E0429FD424C9D850008438F0 /* Products */,
				E0E432B524CAB87B006E88EC /* Frameworks */,
			);
			sourceTree = "<group>";
		};
		E0429FD424C9D850008438F0 /* Products */ = {
			isa = PBXGroup;
			children = (
				E0429FD324C9D850008438F0 /* Color-Chart-Application */,
			);
			name = Products;
			sourceTree = "<group>";
		};
		E0429FD524C9D850008438F0 /* Color-Chart-Application */ = {
			isa = PBXGroup;
			children = (
				E0E432B024C9DBE1006E88EC /* Display.cpp */,
				E0E432AF24C9DBE1006E88EC /* Display.h */,
				E0E432B124C9DBE1006E88EC /* lib.h */,
				E0E432AE24C9DBE1006E88EC /* main.cpp */,
				E0E432B224C9DBE1006E88EC /* Matrix.h */,
			);
			path = "Color-Chart-Application";
			sourceTree = "<group>";
		};
		E0E432B524CAB87B006E88EC /* Frameworks */ = {
			isa = PBXGroup;
			children = (
				E0E432B624CAB87B006E88EC /* libSDL2-2.0.0.dylib */,
			);
			name = Frameworks;
			sourceTree = "<group>";
		};
/* End PBXGroup section */

/* Begin PBXNativeTarget section */
		E0429FD224C9D850008438F0 /* Color-Chart-Application */ = {
			isa = PBXNativeTarget;
			buildConfigurationList = E0429FDA24C9D850008438F0 /* Build configuration list for PBXNativeTarget "Color-Chart-Application" */;
			buildPhases = (
				E0429FCF24C9D850008438F0 /* Sources */,
				E0429FD024C9D850008438F0 /* Frameworks */,
				E0429FD124C9D850008438F0 /* CopyFiles */,
			);
			buildRules = (
			);
			dependencies = (
			);
			name = "Color-Chart-Application";
			productName = "Color-Chart-Application";
			productReference = E0429FD324C9D850008438F0 /* Color-Chart-Application */;
			productType = "com.apple.product-type.tool";
		};
/* End PBXNativeTarget section */

/* Begin PBXProject section */
		E0429FCB24C9D84F008438F0 /* Project object */ = {
			isa = PBXProject;
			attributes = {
				LastUpgradeCheck = 1160;
				ORGANIZATIONNAME = "Maulik Patel";
				TargetAttributes = {
					E0429FD224C9D850008438F0 = {
						CreatedOnToolsVersion = 11.6;
					};
				};
			};
			buildConfigurationList = E0429FCE24C9D84F008438F0 /* Build configuration list for PBXProject "Color-Chart-Application" */;
			compatibilityVersion = "Xcode 9.3";
			developmentRegion = en;
			hasScannedForEncodings = 0;
			knownRegions = (
				en,
				Base,
			);
			mainGroup = E0429FCA24C9D84F008438F0;
			productRefGroup = E0429FD424C9D850008438F0 /* Products */;
			projectDirPath = "";
			projectRoot = "";
			targets = (
				E0429FD224C9D850008438F0 /* Color-Chart-Application */,
			);
		};
/* End PBXProject section */

/* Begin PBXSourcesBuildPhase section */
		E0429FCF24C9D850008438F0 /* Sources */ = {
			isa = PBXSourcesBuildPhase;
			buildActionMask = 2147483647;
			files = (
				E0E432B424C9DBE2006E88EC /* Display.cpp in Sources */,
				E0E432B324C9DBE2006E88EC /* main.cpp in Sources */,
			);
			runOnlyForDeploymentPostprocessing = 0;
		};
/* End PBXSourcesBuildPhase section */

/* Begin XCBuildConfiguration section */
		E0429FD824C9D850008438F0 /* Debug */ = {
			isa = XCBuildConfiguration;
			buildSettings = {
				ALWAYS_SEARCH_USER_PATHS = NO;
				CLANG_ANALYZER_NONNULL = YES;
				CLANG_ANALYZER_NUMBER_OBJECT_CONVERSION = YES_AGGRESSIVE;
				CLANG_CXX_LANGUAGE_STANDARD = "gnu++14";
				CLANG_CXX_LIBRARY = "libc++";
				CLANG_ENABLE_MODULES = YES;
				CLANG_ENABLE_OBJC_ARC = YES;
				CLANG_ENABLE_OBJC_WEAK = YES;
				CLANG_WARN_BLOCK_CAPTURE_AUTORELEASING = YES;
				CLANG_WARN_BOOL_CONVERSION = YES;
				CLANG_WARN_COMMA = YES;
				CLANG_WARN_CONSTANT_CONVERSION = YES;
				CLANG_WARN_DEPRECATED_OBJC_IMPLEMENTATIONS = YES;
				CLANG_WARN_DIRECT_OBJC_ISA_USAGE = YES_ERROR;
				CLANG_WARN_DOCUMENTATION_COMMENTS = YES;
				CLANG_WARN_EMPTY_BODY = YES;
				CLANG_WARN_ENUM_CONVERSION = YES;
				CLANG_WARN_INFINITE_RECURSION = YES;
				CLANG_WARN_INT_CONVERSION = YES;
				CLANG_WARN_NON_LITERAL_NULL_CONVERSION = YES;
				CLANG_WARN_OBJC_IMPLICIT_RETAIN_SELF = YES;
				CLANG_WARN_OBJC_LITERAL_CONVERSION = YES;
				CLANG_WARN_OBJC_ROOT_CLASS = YES_ERROR;
				CLANG_WARN_RANGE_LOOP_ANALYSIS = YES;
				CLANG_WARN_STRICT_PROTOTYPES = YES;
				CLANG_WARN_SUSPICIOUS_MOVE = YES;
				CLANG_WARN_UNGUARDED_AVAILABILITY = YES_AGGRESSIVE;
				CLANG_WARN_UNREACHABLE_CODE = YES;
				CLANG_WARN__DUPLICATE_METHOD_MATCH = YES;
				COPY_PHASE_STRIP = NO;
				DEBUG_INFORMATION_FORMAT = dwarf;
				ENABLE_STRICT_OBJC_MSGSEND = YES;
				ENABLE_TESTABILITY = YES;
				GCC_C_LANGUAGE_STANDARD = gnu11;
				GCC_DYNAMIC_NO_PIC = NO;
				GCC_NO_COMMON_BLOCKS = YES;
				GCC_OPTIMIZATION_LEVEL = 0;
				GCC_PREPROCESSOR_DEFINITIONS = (
					"DEBUG=1",
					"$(inherited)",
				);
				GCC_WARN_64_TO_32_BIT_CONVERSION = YES;
				GCC_WARN_ABOUT_RETURN_TYPE = YES_ERROR;
				GCC_WARN_UNDECLARED_SELECTOR = YES;
				GCC_WARN_UNINITIALIZED_AUTOS = YES_AGGRESSIVE;
				GCC_WARN_UNUSED_FUNCTION = YES;
				GCC_WARN_UNUSED_VARIABLE = YES;
				MACOSX_DEPLOYMENT_TARGET = 10.15;
				MTL_ENABLE_DEBUG_INFO = INCLUDE_SOURCE;
				MTL_FAST_MATH = YES;
				ONLY_ACTIVE_ARCH = YES;
				SDKROOT = macosx;
			};
			name = Debug;
		};
		E0429FD924C9D850008438F0 /* Release */ = {
			isa = XCBuildConfiguration;
			buildSettings = {
				ALWAYS_SEARCH_USER_PATHS = NO;
				CLANG_ANALYZER_NONNULL = YES;
				CLANG_ANALYZER_NUMBER_OBJECT_CONVERSION = YES_AGGRESSIVE;
				CLANG_CXX_LANGUAGE_STANDARD = "gnu++14";
				CLANG_CXX_LIBRARY = "libc++";
				CLANG_ENABLE_MODULES = YES;
				CLANG_ENABLE_OBJC_ARC = YES;
				CLANG_ENABLE_OBJC_WEAK = YES;
				CLANG_WARN_BLOCK_CAPTURE_AUTORELEASING = YES;
				CLANG_WARN_BOOL_CONVERSION = YES;
				CLANG_WARN_COMMA = YES;
				CLANG_WARN_CONSTANT_CONVERSION = YES;
				CLANG_WARN_DEPRECATED_OBJC_IMPLEMENTATIONS = YES;
				CLANG_WARN_DIRECT_OBJC_ISA_USAGE = YES_ERROR;
				CLANG_WARN_DOCUMENTATION_COMMENTS = YES;
				CLANG_WARN_EMPTY_BODY = YES;
				CLANG_WARN_ENUM_CONVERSION = YES;
				CLANG_WARN_INFINITE_RECURSION = YES;
				CLANG_WARN_INT_CONVERSION = YES;
				CLANG_WARN_NON_LITERAL_NULL_CONVERSION = YES;
				CLANG_WARN_OBJC_IMPLICIT_RETAIN_SELF = YES;
				CLANG_WARN_OBJC_LITERAL_CONVERSION = YES;
				CLANG_WARN_OBJC_ROOT_CLASS = YES_ERROR;
				CLANG_WARN_RANGE_LOOP_ANALYSIS = YES;
				CLANG_WARN_STRICT_PROTOTYPES = YES;
				CLANG_WARN_SUSPICIOUS_MOVE = YES;
				CLANG_WARN_UNGUARDED_AVAILABILITY = YES_AGGRESSIVE;
				CLANG_WARN_UNREACHABLE_CODE = YES;
				CLANG_WARN__DUPLICATE_METHOD_MATCH = YES;
				COPY_PHASE_STRIP = NO;
				DEBUG_INFORMATION_FORMAT = "dwarf-with-dsym";
				ENABLE_NS_ASSERTIONS = NO;
				ENABLE_STRICT_OBJC_MSGSEND = YES;
				GCC_C_LANGUAGE_STANDARD = gnu11;
				GCC_NO_COMMON_BLOCKS = YES;
				GCC_WARN_64_TO_32_BIT_CONVERSION = YES;
				GCC_WARN_ABOUT_RETURN_TYPE = YES_ERROR;
				GCC_WARN_UNDECLARED_SELECTOR = YES;
				GCC_WARN_UNINITIALIZED_AUTOS = YES_AGGRESSIVE;
				GCC_WARN_UNUSED_FUNCTION = YES;
				GCC_WARN_UNUSED_VARIABLE = YES;
				MACOSX_DEPLOYMENT_TARGET = 10.15;
				MTL_ENABLE_DEBUG_INFO = NO;
				MTL_FAST_MATH = YES;
				SDKROOT = macosx;
			};
			name = Release;
		};
		E0429FDB24C9D850008438F0 /* Debug */ = {
			isa = XCBuildConfiguration;
			buildSettings = {
				CODE_SIGN_STYLE = Automatic;
				HEADER_SEARCH_PATHS = /usr/local/include;
				LIBRARY_SEARCH_PATHS = (
					"$(inherited)",
					/usr/local/Cellar/sdl2/2.0.12_1/lib,
				);
				PRODUCT_NAME = "$(TARGET_NAME)";
			};
			name = Debug;
		};
		E0429FDC24C9D850008438F0 /* Release */ = {
			isa = XCBuildConfiguration;
			buildSettings = {
				CODE_SIGN_STYLE = Automatic;
				HEADER_SEARCH_PATHS = /usr/local/include;
				LIBRARY_SEARCH_PATHS = (
					"$(inherited)",
					/usr/local/Cellar/sdl2/2.0.12_1/lib,
				);
				PRODUCT_NAME = "$(TARGET_NAME)";
			};
			name = Release;
		};
/* End XCBuildConfiguration section */

/* Begin XCConfigurationList section */
		E0429FCE24C9D84F008438F0 /* Build configuration list for PBXProject "Color-Chart-Application" */ = {
			isa = XCConfigurationList;
			buildConfigurations = (
				E0429FD824C9D850008438F0 /* Debug */,
				E0429FD924C9D850008438F0 /* Release */,
			);
			defaultConfigurationIsVisible = 0;
			defaultConfigurationName = Release;
		};
		E0429FDA24C9D850008438F0 /* Build configuration list for PBXNativeTarget "Color-Chart-Application" */ = {
			isa = XCConfigurationList;
			buildConfigurations = (
				E0429FDB24C9D850008438F0 /* Debug */,
				E0429FDC24C9D850008438F0 /* Release */,
			);
			defaultConfigurationIsVisible = 0;
			defaultConfigurationName = Release;
		};
/* End XCConfigurationList section */
	};
	rootObject = E0429FCB24C9D84F008438F0 /* Project object */;
}
